
Microsoft Visual Studio Solution File, Format Version 12.00
# Visual Studio 15
Project("{FAE04EC0-301F-11D3-BF4B-00C04F79EFBC}") = "UnityEngine.TestRunner", "UnityEngine.TestRunner.csproj", "{4B9CB688-9F54-9718-E8F2-5481A46794FD}"
EndProject
Project("{FAE04EC0-301F-11D3-BF4B-00C04F79EFBC}") = "UnityEngine.UI", "UnityEngine.UI.csproj", "{9674F43F-00F4-2FF4-3493-9E330908FD6C}"
EndProject
Project("{FAE04EC0-301F-11D3-BF4B-00C04F79EFBC}") = "Unity.VisualScripting.Flow", "Unity.VisualScripting.Flow.csproj", "{A26E0704-19EA-FEBE-49C4-EE69B3081F5D}"
EndProject
Project("{FAE04EC0-301F-11D3-BF4B-00C04F79EFBC}") = "Unity.Mathematics", "Unity.Mathematics.csproj", "{3A6BC431-F9E2-21B4-3D06-0AE7D24D9C3B}"
EndProject
Project("{FAE04EC0-301F-11D3-BF4B-00C04F79EFBC}") = "Unity.InputSystem", "Unity.InputSystem.csproj", "{6A2BB1F7-81DE-B277-D797-05F0BCE739BE}"
EndProject
Project("{FAE04EC0-301F-11D3-BF4B-00C04F79EFBC}") = "Unity.VisualScripting.State", "Unity.VisualScripting.State.csproj", "{534C0B3B-1C7E-BE25-5D3A-10CB1100B75A}"
EndProject
Project("{FAE04EC0-301F-11D3-BF4B-00C04F79EFBC}") = "Unity.VisualScripting.Core", "Unity.VisualScripting.Core.csproj", "{7D1BF55E-0F04-ACA0-73D7-8A72865C93F1}"
EndProject
Project("{FAE04EC0-301F-11D3-BF4B-00C04F79EFBC}") = "Unity.Burst", "Unity.Burst.csproj", "{AC091540-8527-BA14-C98E-38045060D7D1}"
EndProject
Project("{FAE04EC0-301F-11D3-BF4B-00C04F79EFBC}") = "Unity.2D.Animation.Runtime", "Unity.2D.Animation.Runtime.csproj", "{C0F1A0BA-96D4-FB8C-13DB-091EA89D6950}"
EndProject
Project("{FAE04EC0-301F-11D3-BF4B-00C04F79EFBC}") = "Unity.TextMeshPro", "Unity.TextMeshPro.csproj", "{B4F236EF-45DD-DD98-F563-DD9F34FDA7E6}"
EndProject
Project("{FAE04EC0-301F-11D3-BF4B-00C04F79EFBC}") = "Unity.Timeline", "Unity.Timeline.csproj", "{7A48383C-92CE-FE28-9FFF-34FE48D78ADD}"
EndProject
Project("{FAE04EC0-301F-11D3-BF4B-00C04F79EFBC}") = "Assembly-CSharp", "Assembly-CSharp.csproj", "{C19981B5-41CA-696B-8D99-7F9BA37C883E}"
EndProject
Project("{FAE04EC0-301F-11D3-BF4B-00C04F79EFBC}") = "Unity.2D.SpriteShape.Runtime", "Unity.2D.SpriteShape.Runtime.csproj", "{A617B622-4141-7E7C-44B9-9B00E89E541F}"
EndProject
Project("{FAE04EC0-301F-11D3-BF4B-00C04F79EFBC}") = "Unity.2D.PixelPerfect", "Unity.2D.PixelPerfect.csproj", "{1D654D07-C46F-0509-EB1D-2355C44DC1CE}"
EndProject
Project("{FAE04EC0-301F-11D3-BF4B-00C04F79EFBC}") = "Unity.2D.Common.Runtime", "Unity.2D.Common.Runtime.csproj", "{9A37E108-4926-BA38-4CAA-9614F860711D}"
EndProject
Project("{FAE04EC0-301F-11D3-BF4B-00C04F79EFBC}") = "Unity.2D.IK.Runtime", "Unity.2D.IK.Runtime.csproj", "{3689AFF1-90A0-E76D-8B3D-04BC441E71E7}"
EndProject
Project("{FAE04EC0-301F-11D3-BF4B-00C04F79EFBC}") = "Unity.2D.Tilemap.Extras", "Unity.2D.Tilemap.Extras.csproj", "{CA626ACB-013C-AA23-C341-451E03641CD0}"
EndProject
Project("{FAE04EC0-301F-11D3-BF4B-00C04F79EFBC}") = "Unity.InputSystem.TestFramework", "Unity.InputSystem.TestFramework.csproj", "{D3657280-7EA8-720C-0728-DD4F52030B28}"
EndProject
Project("{FAE04EC0-301F-11D3-BF4B-00C04F79EFBC}") = "Unity.InternalAPIEngineBridge.001", "Unity.InternalAPIEngineBridge.001.csproj", "{E36A14A2-4052-2355-3CB0-755461A96799}"
EndProject
Project("{FAE04EC0-301F-11D3-BF4B-00C04F79EFBC}") = "Unity.PlasticSCM.Editor", "Unity.PlasticSCM.Editor.csproj", "{AC82E7AA-AABC-F188-455A-6C2AAAF6C212}"
EndProject
Project("{FAE04EC0-301F-11D3-BF4B-00C04F79EFBC}") = "Unity.VisualScripting.Core.Editor", "Unity.VisualScripting.Core.Editor.csproj", "{583E77FC-BCDC-997D-AA8D-7E90F141992B}"
EndProject
Project("{FAE04EC0-301F-11D3-BF4B-00C04F79EFBC}") = "Unity.VisualScripting.Flow.Editor", "Unity.VisualScripting.Flow.Editor.csproj", "{80B2F26A-9D35-9DA8-729A-E2229F6B1038}"
EndProject
Project("{FAE04EC0-301F-11D3-BF4B-00C04F79EFBC}") = "Unity.VisualStudio.Editor", "Unity.VisualStudio.Editor.csproj", "{589E1309-4709-799A-E7D5-8ACF1C6D1C37}"
EndProject
Project("{FAE04EC0-301F-11D3-BF4B-00C04F79EFBC}") = "Unity.Timeline.Editor", "Unity.Timeline.Editor.csproj", "{E472A0D2-DE1D-28B0-D50C-FB878050ECC9}"
EndProject
Project("{FAE04EC0-301F-11D3-BF4B-00C04F79EFBC}") = "Unity.VisualScripting.State.Editor", "Unity.VisualScripting.State.Editor.csproj", "{15C3E41D-C305-7378-3DA2-123CA6152844}"
EndProject
Project("{FAE04EC0-301F-11D3-BF4B-00C04F79EFBC}") = "Unity.TextMeshPro.Editor", "Unity.TextMeshPro.Editor.csproj", "{58588835-852B-53BD-1721-D790C72EF84D}"
EndProject
Project("{FAE04EC0-301F-11D3-BF4B-00C04F79EFBC}") = "Unity.2D.PixelPerfect.Editor", "Unity.2D.PixelPerfect.Editor.csproj", "{D8403935-4EC3-4A2C-CAE1-09A26B2952D4}"
EndProject
Project("{FAE04EC0-301F-11D3-BF4B-00C04F79EFBC}") = "Unity.2D.Animation.Editor", "Unity.2D.Animation.Editor.csproj", "{52927B5D-0FAF-DC5D-ECB1-CF2D83B1B205}"
EndProject
Project("{FAE04EC0-301F-11D3-BF4B-00C04F79EFBC}") = "Unity.VisualScripting.SettingsProvider.Editor", "Unity.VisualScripting.SettingsProvider.Editor.csproj", "{8E006971-03FC-065C-AABC-6AF1670449E8}"
EndProject
Project("{FAE04EC0-301F-11D3-BF4B-00C04F79EFBC}") = "Unity.2D.Psdimporter.Editor", "Unity.2D.Psdimporter.Editor.csproj", "{AC7B9F79-9E44-FD7C-4BB8-A9A20B3832D4}"
EndProject
Project("{FAE04EC0-301F-11D3-BF4B-00C04F79EFBC}") = "UnityEditor.TestRunner", "UnityEditor.TestRunner.csproj", "{6BD0BEDE-071C-513E-5E7C-004B2E164196}"
EndProject
Project("{FAE04EC0-301F-11D3-BF4B-00C04F79EFBC}") = "Unity.2D.Tilemap.Editor", "Unity.2D.Tilemap.Editor.csproj", "{36D5946D-A8D2-BA66-017E-ED3307096169}"
EndProject
Project("{FAE04EC0-301F-11D3-BF4B-00C04F79EFBC}") = "Unity.2D.Path.Editor", "Unity.2D.Path.Editor.csproj", "{74C22D2B-E35A-0CA9-E6C6-92252FE1AFA5}"
EndProject
Project("{FAE04EC0-301F-11D3-BF4B-00C04F79EFBC}") = "PsdPlugin", "PsdPlugin.csproj", "{231811E4-E327-7579-4A18-88CA385D143F}"
EndProject
Project("{FAE04EC0-301F-11D3-BF4B-00C04F79EFBC}") = "Unity.2D.IK.Editor", "Unity.2D.IK.Editor.csproj", "{EC828095-682D-C602-BE8A-CC2E0B877430}"
EndProject
Project("{FAE04EC0-301F-11D3-BF4B-00C04F79EFBC}") = "Unity.2D.SpriteShape.Editor", "Unity.2D.SpriteShape.Editor.csproj", "{621A68BB-2BAF-D639-950D-496D55ED5CA9}"
EndProject
Project("{FAE04EC0-301F-11D3-BF4B-00C04F79EFBC}") = "Unity.Burst.CodeGen", "Unity.Burst.CodeGen.csproj", "{E1E5AEC1-693F-3392-DFE4-8D81771794C5}"
EndProject
Project("{FAE04EC0-301F-11D3-BF4B-00C04F79EFBC}") = "Unity.VSCode.Editor", "Unity.VSCode.Editor.csproj", "{3A3151C9-0DC2-DE15-BAD9-B85BB424FFD8}"
EndProject
Project("{FAE04EC0-301F-11D3-BF4B-00C04F79EFBC}") = "Unity.2D.Sprite.Editor", "Unity.2D.Sprite.Editor.csproj", "{6A82DF84-1D4C-83C5-9ECD-643D0810E342}"
EndProject
Project("{FAE04EC0-301F-11D3-BF4B-00C04F79EFBC}") = "UnityEditor.UI", "UnityEditor.UI.csproj", "{2498CAF8-0C1E-D84F-9B6F-CA156241807B}"
EndProject
Project("{FAE04EC0-301F-11D3-BF4B-00C04F79EFBC}") = "Unity.2D.Common.Editor", "Unity.2D.Common.Editor.csproj", "{FE61ED7D-5D26-3B14-AC13-5CAF8B9789AB}"
EndProject
Project("{FAE04EC0-301F-11D3-BF4B-00C04F79EFBC}") = "Unity.CollabProxy.Editor", "Unity.CollabProxy.Editor.csproj", "{FF3C43D7-A8A0-4085-8E97-32237207AE77}"
EndProject
Project("{FAE04EC0-301F-11D3-BF4B-00C04F79EFBC}") = "Unity.Mathematics.Editor", "Unity.Mathematics.Editor.csproj", "{06F77F7B-6CC1-B5A3-0A64-6B87E4674956}"
EndProject
Project("{FAE04EC0-301F-11D3-BF4B-00C04F79EFBC}") = "Unity.2D.Tilemap.Extras.Editor", "Unity.2D.Tilemap.Extras.Editor.csproj", "{A197E751-43FF-D0C6-6B6A-6AF20F9064E0}"
EndProject
Project("{FAE04EC0-301F-11D3-BF4B-00C04F79EFBC}") = "Unity.Burst.Editor", "Unity.Burst.Editor.csproj", "{C8378826-0E74-3776-9A57-3384906BB568}"
EndProject
Project("{FAE04EC0-301F-11D3-BF4B-00C04F79EFBC}") = "Unity.InternalAPIEditorBridge.001", "Unity.InternalAPIEditorBridge.001.csproj", "{1E761D54-9FF7-7EB2-3B8D-F9E585CFE6C4}"
EndProject
Project("{FAE04EC0-301F-11D3-BF4B-00C04F79EFBC}") = "Unity.VisualScripting.Shared.Editor", "Unity.VisualScripting.Shared.Editor.csproj", "{25B8D34F-2FB3-1343-26AC-4FBC42D4EAFE}"
EndProject
Project("{FAE04EC0-301F-11D3-BF4B-00C04F79EFBC}") = "Assembly-CSharp-Editor", "Assembly-CSharp-Editor.csproj", "{F5126EC4-F6DB-14B2-08AE-C56D9F80A8E5}"
EndProject
Project("{FAE04EC0-301F-11D3-BF4B-00C04F79EFBC}") = "UnityEngine.TestRunner", "UnityEngine.TestRunner.Player.csproj", "{2A8EB8BC-ACA7-6FA7-8BEF-7585B6BACE3D}"
EndProject
Project("{FAE04EC0-301F-11D3-BF4B-00C04F79EFBC}") = "UnityEngine.UI", "UnityEngine.UI.Player.csproj", "{637DF2D4-4DEE-D64F-F2A7-9C36E24079A2}"
EndProject
Project("{FAE04EC0-301F-11D3-BF4B-00C04F79EFBC}") = "Unity.VisualScripting.Flow", "Unity.VisualScripting.Flow.Player.csproj", "{999999AA-E53A-2B70-3A4E-09215470846C}"
EndProject
Project("{FAE04EC0-301F-11D3-BF4B-00C04F79EFBC}") = "Unity.Mathematics", "Unity.Mathematics.Player.csproj", "{AFEF2338-DC2F-BE06-96DA-6D1C761E7C3E}"
EndProject
Project("{FAE04EC0-301F-11D3-BF4B-00C04F79EFBC}") = "Unity.InputSystem", "Unity.InputSystem.Player.csproj", "{E3647221-84E4-7CD1-1BCB-C4B6BF8D0D14}"
EndProject
Project("{FAE04EC0-301F-11D3-BF4B-00C04F79EFBC}") = "Unity.VisualScripting.State", "Unity.VisualScripting.State.Player.csproj", "{B7697A58-0AE0-1027-D980-6BDC54FFA4A0}"
EndProject
Project("{FAE04EC0-301F-11D3-BF4B-00C04F79EFBC}") = "Unity.VisualScripting.Core", "Unity.VisualScripting.Core.Player.csproj", "{A9652B62-DBC4-D80B-B512-A0E0DA413908}"
EndProject
Project("{FAE04EC0-301F-11D3-BF4B-00C04F79EFBC}") = "Unity.Burst", "Unity.Burst.Player.csproj", "{9F0B255D-0B53-E80B-AE5A-FFE81E729A05}"
EndProject
Project("{FAE04EC0-301F-11D3-BF4B-00C04F79EFBC}") = "Unity.2D.Animation.Runtime", "Unity.2D.Animation.Runtime.Player.csproj", "{799867F1-CFB5-B30A-B10D-2F5884013BFB}"
EndProject
Project("{FAE04EC0-301F-11D3-BF4B-00C04F79EFBC}") = "Unity.TextMeshPro", "Unity.TextMeshPro.Player.csproj", "{CF05B36C-8C17-5AE6-B9A9-0A8F2DE3A24F}"
EndProject
Project("{FAE04EC0-301F-11D3-BF4B-00C04F79EFBC}") = "Unity.Timeline", "Unity.Timeline.Player.csproj", "{7818B89D-9EAE-9214-1FC9-5B3EEB225562}"
EndProject
Project("{FAE04EC0-301F-11D3-BF4B-00C04F79EFBC}") = "Assembly-CSharp", "Assembly-CSharp.Player.csproj", "{06F827DC-2D59-6B0B-7B9E-54A6EC9C2735}"
EndProject
Project("{FAE04EC0-301F-11D3-BF4B-00C04F79EFBC}") = "Unity.2D.SpriteShape.Runtime", "Unity.2D.SpriteShape.Runtime.Player.csproj", "{ACA16B26-D99B-5631-E040-60CA1EAF0CFF}"
EndProject
Project("{FAE04EC0-301F-11D3-BF4B-00C04F79EFBC}") = "Unity.2D.PixelPerfect", "Unity.2D.PixelPerfect.Player.csproj", "{3EF54524-5A85-5E9F-3F91-10DFDBD46756}"
EndProject
Project("{FAE04EC0-301F-11D3-BF4B-00C04F79EFBC}") = "Unity.2D.Common.Runtime", "Unity.2D.Common.Runtime.Player.csproj", "{2521BE5D-2757-ADA9-1B91-7C138C771EE9}"
EndProject
Project("{FAE04EC0-301F-11D3-BF4B-00C04F79EFBC}") = "Unity.2D.IK.Runtime", "Unity.2D.IK.Runtime.Player.csproj", "{A07CBFBC-B960-D98B-C223-854E32F261E4}"
EndProject
Project("{FAE04EC0-301F-11D3-BF4B-00C04F79EFBC}") = "Unity.2D.Tilemap.Extras", "Unity.2D.Tilemap.Extras.Player.csproj", "{C76D100C-DDA5-6137-4209-89054C9630F2}"
EndProject
Project("{FAE04EC0-301F-11D3-BF4B-00C04F79EFBC}") = "Unity.InputSystem.TestFramework", "Unity.InputSystem.TestFramework.Player.csproj", "{92D98BC8-339B-2F3F-2FCB-094956BC122B}"
EndProject
Project("{FAE04EC0-301F-11D3-BF4B-00C04F79EFBC}") = "Unity.InternalAPIEngineBridge.001", "Unity.InternalAPIEngineBridge.001.Player.csproj", "{05716326-96DE-5D8F-18F9-746F74EC4D0A}"
EndProject
Global
	GlobalSection(SolutionConfigurationPlatforms) = preSolution
		Debug|Any CPU = Debug|Any CPU
		Release|Any CPU = Release|Any CPU
	EndGlobalSection
	GlobalSection(ProjectConfigurationPlatforms) = postSolution
		{4B9CB688-9F54-9718-E8F2-5481A46794FD}.Debug|Any CPU.ActiveCfg = Debug|Any CPU
		{4B9CB688-9F54-9718-E8F2-5481A46794FD}.Debug|Any CPU.Build.0 = Debug|Any CPU
		{4B9CB688-9F54-9718-E8F2-5481A46794FD}.Release|Any CPU.ActiveCfg = Release|Any CPU
		{4B9CB688-9F54-9718-E8F2-5481A46794FD}.Release|Any CPU.Build.0 = Release|Any CPU
		{9674F43F-00F4-2FF4-3493-9E330908FD6C}.Debug|Any CPU.ActiveCfg = Debug|Any CPU
		{9674F43F-00F4-2FF4-3493-9E330908FD6C}.Debug|Any CPU.Build.0 = Debug|Any CPU
		{9674F43F-00F4-2FF4-3493-9E330908FD6C}.Release|Any CPU.ActiveCfg = Release|Any CPU
		{9674F43F-00F4-2FF4-3493-9E330908FD6C}.Release|Any CPU.Build.0 = Release|Any CPU
		{A26E0704-19EA-FEBE-49C4-EE69B3081F5D}.Debug|Any CPU.ActiveCfg = Debug|Any CPU
		{A26E0704-19EA-FEBE-49C4-EE69B3081F5D}.Debug|Any CPU.Build.0 = Debug|Any CPU
		{A26E0704-19EA-FEBE-49C4-EE69B3081F5D}.Release|Any CPU.ActiveCfg = Release|Any CPU
		{A26E0704-19EA-FEBE-49C4-EE69B3081F5D}.Release|Any CPU.Build.0 = Release|Any CPU
		{3A6BC431-F9E2-21B4-3D06-0AE7D24D9C3B}.Debug|Any CPU.ActiveCfg = Debug|Any CPU
		{3A6BC431-F9E2-21B4-3D06-0AE7D24D9C3B}.Debug|Any CPU.Build.0 = Debug|Any CPU
		{3A6BC431-F9E2-21B4-3D06-0AE7D24D9C3B}.Release|Any CPU.ActiveCfg = Release|Any CPU
		{3A6BC431-F9E2-21B4-3D06-0AE7D24D9C3B}.Release|Any CPU.Build.0 = Release|Any CPU
		{6A2BB1F7-81DE-B277-D797-05F0BCE739BE}.Debug|Any CPU.ActiveCfg = Debug|Any CPU
		{6A2BB1F7-81DE-B277-D797-05F0BCE739BE}.Debug|Any CPU.Build.0 = Debug|Any CPU
		{6A2BB1F7-81DE-B277-D797-05F0BCE739BE}.Release|Any CPU.ActiveCfg = Release|Any CPU
		{6A2BB1F7-81DE-B277-D797-05F0BCE739BE}.Release|Any CPU.Build.0 = Release|Any CPU
		{534C0B3B-1C7E-BE25-5D3A-10CB1100B75A}.Debug|Any CPU.ActiveCfg = Debug|Any CPU
		{534C0B3B-1C7E-BE25-5D3A-10CB1100B75A}.Debug|Any CPU.Build.0 = Debug|Any CPU
		{534C0B3B-1C7E-BE25-5D3A-10CB1100B75A}.Release|Any CPU.ActiveCfg = Release|Any CPU
		{534C0B3B-1C7E-BE25-5D3A-10CB1100B75A}.Release|Any CPU.Build.0 = Release|Any CPU
		{7D1BF55E-0F04-ACA0-73D7-8A72865C93F1}.Debug|Any CPU.ActiveCfg = Debug|Any CPU
		{7D1BF55E-0F04-ACA0-73D7-8A72865C93F1}.Debug|Any CPU.Build.0 = Debug|Any CPU
		{7D1BF55E-0F04-ACA0-73D7-8A72865C93F1}.Release|Any CPU.ActiveCfg = Release|Any CPU
		{7D1BF55E-0F04-ACA0-73D7-8A72865C93F1}.Release|Any CPU.Build.0 = Release|Any CPU
		{AC091540-8527-BA14-C98E-38045060D7D1}.Debug|Any CPU.ActiveCfg = Debug|Any CPU
		{AC091540-8527-BA14-C98E-38045060D7D1}.Debug|Any CPU.Build.0 = Debug|Any CPU
		{AC091540-8527-BA14-C98E-38045060D7D1}.Release|Any CPU.ActiveCfg = Release|Any CPU
		{AC091540-8527-BA14-C98E-38045060D7D1}.Release|Any CPU.Build.0 = Release|Any CPU
		{C0F1A0BA-96D4-FB8C-13DB-091EA89D6950}.Debug|Any CPU.ActiveCfg = Debug|Any CPU
		{C0F1A0BA-96D4-FB8C-13DB-091EA89D6950}.Debug|Any CPU.Build.0 = Debug|Any CPU
		{C0F1A0BA-96D4-FB8C-13DB-091EA89D6950}.Release|Any CPU.ActiveCfg = Release|Any CPU
		{C0F1A0BA-96D4-FB8C-13DB-091EA89D6950}.Release|Any CPU.Build.0 = Release|Any CPU
		{B4F236EF-45DD-DD98-F563-DD9F34FDA7E6}.Debug|Any CPU.ActiveCfg = Debug|Any CPU
		{B4F236EF-45DD-DD98-F563-DD9F34FDA7E6}.Debug|Any CPU.Build.0 = Debug|Any CPU
		{B4F236EF-45DD-DD98-F563-DD9F34FDA7E6}.Release|Any CPU.ActiveCfg = Release|Any CPU
		{B4F236EF-45DD-DD98-F563-DD9F34FDA7E6}.Release|Any CPU.Build.0 = Release|Any CPU
		{7A48383C-92CE-FE28-9FFF-34FE48D78ADD}.Debug|Any CPU.ActiveCfg = Debug|Any CPU
		{7A48383C-92CE-FE28-9FFF-34FE48D78ADD}.Debug|Any CPU.Build.0 = Debug|Any CPU
		{7A48383C-92CE-FE28-9FFF-34FE48D78ADD}.Release|Any CPU.ActiveCfg = Release|Any CPU
		{7A48383C-92CE-FE28-9FFF-34FE48D78ADD}.Release|Any CPU.Build.0 = Release|Any CPU
		{C19981B5-41CA-696B-8D99-7F9BA37C883E}.Debug|Any CPU.ActiveCfg = Debug|Any CPU
		{C19981B5-41CA-696B-8D99-7F9BA37C883E}.Debug|Any CPU.Build.0 = Debug|Any CPU
		{C19981B5-41CA-696B-8D99-7F9BA37C883E}.Release|Any CPU.ActiveCfg = Release|Any CPU
		{C19981B5-41CA-696B-8D99-7F9BA37C883E}.Release|Any CPU.Build.0 = Release|Any CPU
		{A617B622-4141-7E7C-44B9-9B00E89E541F}.Debug|Any CPU.ActiveCfg = Debug|Any CPU
		{A617B622-4141-7E7C-44B9-9B00E89E541F}.Debug|Any CPU.Build.0 = Debug|Any CPU
		{A617B622-4141-7E7C-44B9-9B00E89E541F}.Release|Any CPU.ActiveCfg = Release|Any CPU
		{A617B622-4141-7E7C-44B9-9B00E89E541F}.Release|Any CPU.Build.0 = Release|Any CPU
		{1D654D07-C46F-0509-EB1D-2355C44DC1CE}.Debug|Any CPU.ActiveCfg = Debug|Any CPU
		{1D654D07-C46F-0509-EB1D-2355C44DC1CE}.Debug|Any CPU.Build.0 = Debug|Any CPU
		{1D654D07-C46F-0509-EB1D-2355C44DC1CE}.Release|Any CPU.ActiveCfg = Release|Any CPU
		{1D654D07-C46F-0509-EB1D-2355C44DC1CE}.Release|Any CPU.Build.0 = Release|Any CPU
		{9A37E108-4926-BA38-4CAA-9614F860711D}.Debug|Any CPU.ActiveCfg = Debug|Any CPU
		{9A37E108-4926-BA38-4CAA-9614F860711D}.Debug|Any CPU.Build.0 = Debug|Any CPU
		{9A37E108-4926-BA38-4CAA-9614F860711D}.Release|Any CPU.ActiveCfg = Release|Any CPU
		{9A37E108-4926-BA38-4CAA-9614F860711D}.Release|Any CPU.Build.0 = Release|Any CPU
		{3689AFF1-90A0-E76D-8B3D-04BC441E71E7}.Debug|Any CPU.ActiveCfg = Debug|Any CPU
		{3689AFF1-90A0-E76D-8B3D-04BC441E71E7}.Debug|Any CPU.Build.0 = Debug|Any CPU
		{3689AFF1-90A0-E76D-8B3D-04BC441E71E7}.Release|Any CPU.ActiveCfg = Release|Any CPU
		{3689AFF1-90A0-E76D-8B3D-04BC441E71E7}.Release|Any CPU.Build.0 = Release|Any CPU
		{CA626ACB-013C-AA23-C341-451E03641CD0}.Debug|Any CPU.ActiveCfg = Debug|Any CPU
		{CA626ACB-013C-AA23-C341-451E03641CD0}.Debug|Any CPU.Build.0 = Debug|Any CPU
		{CA626ACB-013C-AA23-C341-451E03641CD0}.Release|Any CPU.ActiveCfg = Release|Any CPU
		{CA626ACB-013C-AA23-C341-451E03641CD0}.Release|Any CPU.Build.0 = Release|Any CPU
		{D3657280-7EA8-720C-0728-DD4F52030B28}.Debug|Any CPU.ActiveCfg = Debug|Any CPU
		{D3657280-7EA8-720C-0728-DD4F52030B28}.Debug|Any CPU.Build.0 = Debug|Any CPU
		{D3657280-7EA8-720C-0728-DD4F52030B28}.Release|Any CPU.ActiveCfg = Release|Any CPU
		{D3657280-7EA8-720C-0728-DD4F52030B28}.Release|Any CPU.Build.0 = Release|Any CPU
		{E36A14A2-4052-2355-3CB0-755461A96799}.Debug|Any CPU.ActiveCfg = Debug|Any CPU
		{E36A14A2-4052-2355-3CB0-755461A96799}.Debug|Any CPU.Build.0 = Debug|Any CPU
		{E36A14A2-4052-2355-3CB0-755461A96799}.Release|Any CPU.ActiveCfg = Release|Any CPU
		{E36A14A2-4052-2355-3CB0-755461A96799}.Release|Any CPU.Build.0 = Release|Any CPU
		{AC82E7AA-AABC-F188-455A-6C2AAAF6C212}.Debug|Any CPU.ActiveCfg = Debug|Any CPU
		{AC82E7AA-AABC-F188-455A-6C2AAAF6C212}.Debug|Any CPU.Build.0 = Debug|Any CPU
		{AC82E7AA-AABC-F188-455A-6C2AAAF6C212}.Release|Any CPU.ActiveCfg = Release|Any CPU
		{AC82E7AA-AABC-F188-455A-6C2AAAF6C212}.Release|Any CPU.Build.0 = Release|Any CPU
		{583E77FC-BCDC-997D-AA8D-7E90F141992B}.Debug|Any CPU.ActiveCfg = Debug|Any CPU
		{583E77FC-BCDC-997D-AA8D-7E90F141992B}.Debug|Any CPU.Build.0 = Debug|Any CPU
		{583E77FC-BCDC-997D-AA8D-7E90F141992B}.Release|Any CPU.ActiveCfg = Release|Any CPU
		{583E77FC-BCDC-997D-AA8D-7E90F141992B}.Release|Any CPU.Build.0 = Release|Any CPU
		{80B2F26A-9D35-9DA8-729A-E2229F6B1038}.Debug|Any CPU.ActiveCfg = Debug|Any CPU
		{80B2F26A-9D35-9DA8-729A-E2229F6B1038}.Debug|Any CPU.Build.0 = Debug|Any CPU
		{80B2F26A-9D35-9DA8-729A-E2229F6B1038}.Release|Any CPU.ActiveCfg = Release|Any CPU
		{80B2F26A-9D35-9DA8-729A-E2229F6B1038}.Release|Any CPU.Build.0 = Release|Any CPU
		{589E1309-4709-799A-E7D5-8ACF1C6D1C37}.Debug|Any CPU.ActiveCfg = Debug|Any CPU
		{589E1309-4709-799A-E7D5-8ACF1C6D1C37}.Debug|Any CPU.Build.0 = Debug|Any CPU
		{589E1309-4709-799A-E7D5-8ACF1C6D1C37}.Release|Any CPU.ActiveCfg = Release|Any CPU
		{589E1309-4709-799A-E7D5-8ACF1C6D1C37}.Release|Any CPU.Build.0 = Release|Any CPU
		{E472A0D2-DE1D-28B0-D50C-FB878050ECC9}.Debug|Any CPU.ActiveCfg = Debug|Any CPU
		{E472A0D2-DE1D-28B0-D50C-FB878050ECC9}.Debug|Any CPU.Build.0 = Debug|Any CPU
		{E472A0D2-DE1D-28B0-D50C-FB878050ECC9}.Release|Any CPU.ActiveCfg = Release|Any CPU
		{E472A0D2-DE1D-28B0-D50C-FB878050ECC9}.Release|Any CPU.Build.0 = Release|Any CPU
		{15C3E41D-C305-7378-3DA2-123CA6152844}.Debug|Any CPU.ActiveCfg = Debug|Any CPU
		{15C3E41D-C305-7378-3DA2-123CA6152844}.Debug|Any CPU.Build.0 = Debug|Any CPU
		{15C3E41D-C305-7378-3DA2-123CA6152844}.Release|Any CPU.ActiveCfg = Release|Any CPU
		{15C3E41D-C305-7378-3DA2-123CA6152844}.Release|Any CPU.Build.0 = Release|Any CPU
		{58588835-852B-53BD-1721-D790C72EF84D}.Debug|Any CPU.ActiveCfg = Debug|Any CPU
		{58588835-852B-53BD-1721-D790C72EF84D}.Debug|Any CPU.Build.0 = Debug|Any CPU
		{58588835-852B-53BD-1721-D790C72EF84D}.Release|Any CPU.ActiveCfg = Release|Any CPU
		{58588835-852B-53BD-1721-D790C72EF84D}.Release|Any CPU.Build.0 = Release|Any CPU
		{D8403935-4EC3-4A2C-CAE1-09A26B2952D4}.Debug|Any CPU.ActiveCfg = Debug|Any CPU
		{D8403935-4EC3-4A2C-CAE1-09A26B2952D4}.Debug|Any CPU.Build.0 = Debug|Any CPU
		{D8403935-4EC3-4A2C-CAE1-09A26B2952D4}.Release|Any CPU.ActiveCfg = Release|Any CPU
		{D8403935-4EC3-4A2C-CAE1-09A26B2952D4}.Release|Any CPU.Build.0 = Release|Any CPU
		{52927B5D-0FAF-DC5D-ECB1-CF2D83B1B205}.Debug|Any CPU.ActiveCfg = Debug|Any CPU
		{52927B5D-0FAF-DC5D-ECB1-CF2D83B1B205}.Debug|Any CPU.Build.0 = Debug|Any CPU
		{52927B5D-0FAF-DC5D-ECB1-CF2D83B1B205}.Release|Any CPU.ActiveCfg = Release|Any CPU
		{52927B5D-0FAF-DC5D-ECB1-CF2D83B1B205}.Release|Any CPU.Build.0 = Release|Any CPU
		{8E006971-03FC-065C-AABC-6AF1670449E8}.Debug|Any CPU.ActiveCfg = Debug|Any CPU
		{8E006971-03FC-065C-AABC-6AF1670449E8}.Debug|Any CPU.Build.0 = Debug|Any CPU
		{8E006971-03FC-065C-AABC-6AF1670449E8}.Release|Any CPU.ActiveCfg = Release|Any CPU
		{8E006971-03FC-065C-AABC-6AF1670449E8}.Release|Any CPU.Build.0 = Release|Any CPU
		{AC7B9F79-9E44-FD7C-4BB8-A9A20B3832D4}.Debug|Any CPU.ActiveCfg = Debug|Any CPU
		{AC7B9F79-9E44-FD7C-4BB8-A9A20B3832D4}.Debug|Any CPU.Build.0 = Debug|Any CPU
		{AC7B9F79-9E44-FD7C-4BB8-A9A20B3832D4}.Release|Any CPU.ActiveCfg = Release|Any CPU
		{AC7B9F79-9E44-FD7C-4BB8-A9A20B3832D4}.Release|Any CPU.Build.0 = Release|Any CPU
		{6BD0BEDE-071C-513E-5E7C-004B2E164196}.Debug|Any CPU.ActiveCfg = Debug|Any CPU
		{6BD0BEDE-071C-513E-5E7C-004B2E164196}.Debug|Any CPU.Build.0 = Debug|Any CPU
		{6BD0BEDE-071C-513E-5E7C-004B2E164196}.Release|Any CPU.ActiveCfg = Release|Any CPU
		{6BD0BEDE-071C-513E-5E7C-004B2E164196}.Release|Any CPU.Build.0 = Release|Any CPU
		{36D5946D-A8D2-BA66-017E-ED3307096169}.Debug|Any CPU.ActiveCfg = Debug|Any CPU
		{36D5946D-A8D2-BA66-017E-ED3307096169}.Debug|Any CPU.Build.0 = Debug|Any CPU
		{36D5946D-A8D2-BA66-017E-ED3307096169}.Release|Any CPU.ActiveCfg = Release|Any CPU
		{36D5946D-A8D2-BA66-017E-ED3307096169}.Release|Any CPU.Build.0 = Release|Any CPU
		{74C22D2B-E35A-0CA9-E6C6-92252FE1AFA5}.Debug|Any CPU.ActiveCfg = Debug|Any CPU
		{74C22D2B-E35A-0CA9-E6C6-92252FE1AFA5}.Debug|Any CPU.Build.0 = Debug|Any CPU
		{74C22D2B-E35A-0CA9-E6C6-92252FE1AFA5}.Release|Any CPU.ActiveCfg = Release|Any CPU
		{74C22D2B-E35A-0CA9-E6C6-92252FE1AFA5}.Release|Any CPU.Build.0 = Release|Any CPU
		{231811E4-E327-7579-4A18-88CA385D143F}.Debug|Any CPU.ActiveCfg = Debug|Any CPU
		{231811E4-E327-7579-4A18-88CA385D143F}.Debug|Any CPU.Build.0 = Debug|Any CPU
		{231811E4-E327-7579-4A18-88CA385D143F}.Release|Any CPU.ActiveCfg = Release|Any CPU
		{231811E4-E327-7579-4A18-88CA385D143F}.Release|Any CPU.Build.0 = Release|Any CPU
		{EC828095-682D-C602-BE8A-CC2E0B877430}.Debug|Any CPU.ActiveCfg = Debug|Any CPU
		{EC828095-682D-C602-BE8A-CC2E0B877430}.Debug|Any CPU.Build.0 = Debug|Any CPU
		{EC828095-682D-C602-BE8A-CC2E0B877430}.Release|Any CPU.ActiveCfg = Release|Any CPU
		{EC828095-682D-C602-BE8A-CC2E0B877430}.Release|Any CPU.Build.0 = Release|Any CPU
		{621A68BB-2BAF-D639-950D-496D55ED5CA9}.Debug|Any CPU.ActiveCfg = Debug|Any CPU
		{621A68BB-2BAF-D639-950D-496D55ED5CA9}.Debug|Any CPU.Build.0 = Debug|Any CPU
		{621A68BB-2BAF-D639-950D-496D55ED5CA9}.Release|Any CPU.ActiveCfg = Release|Any CPU
		{621A68BB-2BAF-D639-950D-496D55ED5CA9}.Release|Any CPU.Build.0 = Release|Any CPU
		{E1E5AEC1-693F-3392-DFE4-8D81771794C5}.Debug|Any CPU.ActiveCfg = Debug|Any CPU
		{E1E5AEC1-693F-3392-DFE4-8D81771794C5}.Debug|Any CPU.Build.0 = Debug|Any CPU
		{E1E5AEC1-693F-3392-DFE4-8D81771794C5}.Release|Any CPU.ActiveCfg = Release|Any CPU
		{E1E5AEC1-693F-3392-DFE4-8D81771794C5}.Release|Any CPU.Build.0 = Release|Any CPU
		{3A3151C9-0DC2-DE15-BAD9-B85BB424FFD8}.Debug|Any CPU.ActiveCfg = Debug|Any CPU
		{3A3151C9-0DC2-DE15-BAD9-B85BB424FFD8}.Debug|Any CPU.Build.0 = Debug|Any CPU
		{3A3151C9-0DC2-DE15-BAD9-B85BB424FFD8}.Release|Any CPU.ActiveCfg = Release|Any CPU
		{3A3151C9-0DC2-DE15-BAD9-B85BB424FFD8}.Release|Any CPU.Build.0 = Release|Any CPU
		{6A82DF84-1D4C-83C5-9ECD-643D0810E342}.Debug|Any CPU.ActiveCfg = Debug|Any CPU
		{6A82DF84-1D4C-83C5-9ECD-643D0810E342}.Debug|Any CPU.Build.0 = Debug|Any CPU
		{6A82DF84-1D4C-83C5-9ECD-643D0810E342}.Release|Any CPU.ActiveCfg = Release|Any CPU
		{6A82DF84-1D4C-83C5-9ECD-643D0810E342}.Release|Any CPU.Build.0 = Release|Any CPU
		{2498CAF8-0C1E-D84F-9B6F-CA156241807B}.Debug|Any CPU.ActiveCfg = Debug|Any CPU
		{2498CAF8-0C1E-D84F-9B6F-CA156241807B}.Debug|Any CPU.Build.0 = Debug|Any CPU
		{2498CAF8-0C1E-D84F-9B6F-CA156241807B}.Release|Any CPU.ActiveCfg = Release|Any CPU
		{2498CAF8-0C1E-D84F-9B6F-CA156241807B}.Release|Any CPU.Build.0 = Release|Any CPU
		{FE61ED7D-5D26-3B14-AC13-5CAF8B9789AB}.Debug|Any CPU.ActiveCfg = Debug|Any CPU
		{FE61ED7D-5D26-3B14-AC13-5CAF8B9789AB}.Debug|Any CPU.Build.0 = Debug|Any CPU
		{FE61ED7D-5D26-3B14-AC13-5CAF8B9789AB}.Release|Any CPU.ActiveCfg = Release|Any CPU
		{FE61ED7D-5D26-3B14-AC13-5CAF8B9789AB}.Release|Any CPU.Build.0 = Release|Any CPU
		{FF3C43D7-A8A0-4085-8E97-32237207AE77}.Debug|Any CPU.ActiveCfg = Debug|Any CPU
		{FF3C43D7-A8A0-4085-8E97-32237207AE77}.Debug|Any CPU.Build.0 = Debug|Any CPU
		{FF3C43D7-A8A0-4085-8E97-32237207AE77}.Release|Any CPU.ActiveCfg = Release|Any CPU
		{FF3C43D7-A8A0-4085-8E97-32237207AE77}.Release|Any CPU.Build.0 = Release|Any CPU
		{06F77F7B-6CC1-B5A3-0A64-6B87E4674956}.Debug|Any CPU.ActiveCfg = Debug|Any CPU
		{06F77F7B-6CC1-B5A3-0A64-6B87E4674956}.Debug|Any CPU.Build.0 = Debug|Any CPU
		{06F77F7B-6CC1-B5A3-0A64-6B87E4674956}.Release|Any CPU.ActiveCfg = Release|Any CPU
		{06F77F7B-6CC1-B5A3-0A64-6B87E4674956}.Release|Any CPU.Build.0 = Release|Any CPU
		{A197E751-43FF-D0C6-6B6A-6AF20F9064E0}.Debug|Any CPU.ActiveCfg = Debug|Any CPU
		{A197E751-43FF-D0C6-6B6A-6AF20F9064E0}.Debug|Any CPU.Build.0 = Debug|Any CPU
		{A197E751-43FF-D0C6-6B6A-6AF20F9064E0}.Release|Any CPU.ActiveCfg = Release|Any CPU
		{A197E751-43FF-D0C6-6B6A-6AF20F9064E0}.Release|Any CPU.Build.0 = Release|Any CPU
		{C8378826-0E74-3776-9A57-3384906BB568}.Debug|Any CPU.ActiveCfg = Debug|Any CPU
		{C8378826-0E74-3776-9A57-3384906BB568}.Debug|Any CPU.Build.0 = Debug|Any CPU
		{C8378826-0E74-3776-9A57-3384906BB568}.Release|Any CPU.ActiveCfg = Release|Any CPU
		{C8378826-0E74-3776-9A57-3384906BB568}.Release|Any CPU.Build.0 = Release|Any CPU
		{1E761D54-9FF7-7EB2-3B8D-F9E585CFE6C4}.Debug|Any CPU.ActiveCfg = Debug|Any CPU
		{1E761D54-9FF7-7EB2-3B8D-F9E585CFE6C4}.Debug|Any CPU.Build.0 = Debug|Any CPU
		{1E761D54-9FF7-7EB2-3B8D-F9E585CFE6C4}.Release|Any CPU.ActiveCfg = Release|Any CPU
		{1E761D54-9FF7-7EB2-3B8D-F9E585CFE6C4}.Release|Any CPU.Build.0 = Release|Any CPU
		{25B8D34F-2FB3-1343-26AC-4FBC42D4EAFE}.Debug|Any CPU.ActiveCfg = Debug|Any CPU
		{25B8D34F-2FB3-1343-26AC-4FBC42D4EAFE}.Debug|Any CPU.Build.0 = Debug|Any CPU
		{25B8D34F-2FB3-1343-26AC-4FBC42D4EAFE}.Release|Any CPU.ActiveCfg = Release|Any CPU
		{25B8D34F-2FB3-1343-26AC-4FBC42D4EAFE}.Release|Any CPU.Build.0 = Release|Any CPU
		{F5126EC4-F6DB-14B2-08AE-C56D9F80A8E5}.Debug|Any CPU.ActiveCfg = Debug|Any CPU
		{F5126EC4-F6DB-14B2-08AE-C56D9F80A8E5}.Debug|Any CPU.Build.0 = Debug|Any CPU
		{F5126EC4-F6DB-14B2-08AE-C56D9F80A8E5}.Release|Any CPU.ActiveCfg = Release|Any CPU
		{F5126EC4-F6DB-14B2-08AE-C56D9F80A8E5}.Release|Any CPU.Build.0 = Release|Any CPU
		{2A8EB8BC-ACA7-6FA7-8BEF-7585B6BACE3D}.Debug|Any CPU.ActiveCfg = Debug|Any CPU
		{2A8EB8BC-ACA7-6FA7-8BEF-7585B6BACE3D}.Debug|Any CPU.Build.0 = Debug|Any CPU
		{2A8EB8BC-ACA7-6FA7-8BEF-7585B6BACE3D}.Release|Any CPU.ActiveCfg = Release|Any CPU
		{2A8EB8BC-ACA7-6FA7-8BEF-7585B6BACE3D}.Release|Any CPU.Build.0 = Release|Any CPU
		{637DF2D4-4DEE-D64F-F2A7-9C36E24079A2}.Debug|Any CPU.ActiveCfg = Debug|Any CPU
		{637DF2D4-4DEE-D64F-F2A7-9C36E24079A2}.Debug|Any CPU.Build.0 = Debug|Any CPU
		{637DF2D4-4DEE-D64F-F2A7-9C36E24079A2}.Release|Any CPU.ActiveCfg = Release|Any CPU
		{637DF2D4-4DEE-D64F-F2A7-9C36E24079A2}.Release|Any CPU.Build.0 = Release|Any CPU
		{999999AA-E53A-2B70-3A4E-09215470846C}.Debug|Any CPU.ActiveCfg = Debug|Any CPU
		{999999AA-E53A-2B70-3A4E-09215470846C}.Debug|Any CPU.Build.0 = Debug|Any CPU
		{999999AA-E53A-2B70-3A4E-09215470846C}.Release|Any CPU.ActiveCfg = Release|Any CPU
		{999999AA-E53A-2B70-3A4E-09215470846C}.Release|Any CPU.Build.0 = Release|Any CPU
		{AFEF2338-DC2F-BE06-96DA-6D1C761E7C3E}.Debug|Any CPU.ActiveCfg = Debug|Any CPU
		{AFEF2338-DC2F-BE06-96DA-6D1C761E7C3E}.Debug|Any CPU.Build.0 = Debug|Any CPU
		{AFEF2338-DC2F-BE06-96DA-6D1C761E7C3E}.Release|Any CPU.ActiveCfg = Release|Any CPU
		{AFEF2338-DC2F-BE06-96DA-6D1C761E7C3E}.Release|Any CPU.Build.0 = Release|Any CPU
		{E3647221-84E4-7CD1-1BCB-C4B6BF8D0D14}.Debug|Any CPU.ActiveCfg = Debug|Any CPU
		{E3647221-84E4-7CD1-1BCB-C4B6BF8D0D14}.Debug|Any CPU.Build.0 = Debug|Any CPU
		{E3647221-84E4-7CD1-1BCB-C4B6BF8D0D14}.Release|Any CPU.ActiveCfg = Release|Any CPU
		{E3647221-84E4-7CD1-1BCB-C4B6BF8D0D14}.Release|Any CPU.Build.0 = Release|Any CPU
		{B7697A58-0AE0-1027-D980-6BDC54FFA4A0}.Debug|Any CPU.ActiveCfg = Debug|Any CPU
		{B7697A58-0AE0-1027-D980-6BDC54FFA4A0}.Debug|Any CPU.Build.0 = Debug|Any CPU
		{B7697A58-0AE0-1027-D980-6BDC54FFA4A0}.Release|Any CPU.ActiveCfg = Release|Any CPU
		{B7697A58-0AE0-1027-D980-6BDC54FFA4A0}.Release|Any CPU.Build.0 = Release|Any CPU
		{A9652B62-DBC4-D80B-B512-A0E0DA413908}.Debug|Any CPU.ActiveCfg = Debug|Any CPU
		{A9652B62-DBC4-D80B-B512-A0E0DA413908}.Debug|Any CPU.Build.0 = Debug|Any CPU
		{A9652B62-DBC4-D80B-B512-A0E0DA413908}.Release|Any CPU.ActiveCfg = Release|Any CPU
		{A9652B62-DBC4-D80B-B512-A0E0DA413908}.Release|Any CPU.Build.0 = Release|Any CPU
		{9F0B255D-0B53-E80B-AE5A-FFE81E729A05}.Debug|Any CPU.ActiveCfg = Debug|Any CPU
		{9F0B255D-0B53-E80B-AE5A-FFE81E729A05}.Debug|Any CPU.Build.0 = Debug|Any CPU
		{9F0B255D-0B53-E80B-AE5A-FFE81E729A05}.Release|Any CPU.ActiveCfg = Release|Any CPU
		{9F0B255D-0B53-E80B-AE5A-FFE81E729A05}.Release|Any CPU.Build.0 = Release|Any CPU
		{799867F1-CFB5-B30A-B10D-2F5884013BFB}.Debug|Any CPU.ActiveCfg = Debug|Any CPU
		{799867F1-CFB5-B30A-B10D-2F5884013BFB}.Debug|Any CPU.Build.0 = Debug|Any CPU
		{799867F1-CFB5-B30A-B10D-2F5884013BFB}.Release|Any CPU.ActiveCfg = Release|Any CPU
		{799867F1-CFB5-B30A-B10D-2F5884013BFB}.Release|Any CPU.Build.0 = Release|Any CPU
		{CF05B36C-8C17-5AE6-B9A9-0A8F2DE3A24F}.Debug|Any CPU.ActiveCfg = Debug|Any CPU
		{CF05B36C-8C17-5AE6-B9A9-0A8F2DE3A24F}.Debug|Any CPU.Build.0 = Debug|Any CPU
		{CF05B36C-8C17-5AE6-B9A9-0A8F2DE3A24F}.Release|Any CPU.ActiveCfg = Release|Any CPU
		{CF05B36C-8C17-5AE6-B9A9-0A8F2DE3A24F}.Release|Any CPU.Build.0 = Release|Any CPU
		{7818B89D-9EAE-9214-1FC9-5B3EEB225562}.Debug|Any CPU.ActiveCfg = Debug|Any CPU
		{7818B89D-9EAE-9214-1FC9-5B3EEB225562}.Debug|Any CPU.Build.0 = Debug|Any CPU
		{7818B89D-9EAE-9214-1FC9-5B3EEB225562}.Release|Any CPU.ActiveCfg = Release|Any CPU
		{7818B89D-9EAE-9214-1FC9-5B3EEB225562}.Release|Any CPU.Build.0 = Release|Any CPU
		{06F827DC-2D59-6B0B-7B9E-54A6EC9C2735}.Debug|Any CPU.ActiveCfg = Debug|Any CPU
		{06F827DC-2D59-6B0B-7B9E-54A6EC9C2735}.Debug|Any CPU.Build.0 = Debug|Any CPU
		{06F827DC-2D59-6B0B-7B9E-54A6EC9C2735}.Release|Any CPU.ActiveCfg = Release|Any CPU
		{06F827DC-2D59-6B0B-7B9E-54A6EC9C2735}.Release|Any CPU.Build.0 = Release|Any CPU
		{ACA16B26-D99B-5631-E040-60CA1EAF0CFF}.Debug|Any CPU.ActiveCfg = Debug|Any CPU
		{ACA16B26-D99B-5631-E040-60CA1EAF0CFF}.Debug|Any CPU.Build.0 = Debug|Any CPU
		{ACA16B26-D99B-5631-E040-60CA1EAF0CFF}.Release|Any CPU.ActiveCfg = Release|Any CPU
		{ACA16B26-D99B-5631-E040-60CA1EAF0CFF}.Release|Any CPU.Build.0 = Release|Any CPU
		{3EF54524-5A85-5E9F-3F91-10DFDBD46756}.Debug|Any CPU.ActiveCfg = Debug|Any CPU
		{3EF54524-5A85-5E9F-3F91-10DFDBD46756}.Debug|Any CPU.Build.0 = Debug|Any CPU
		{3EF54524-5A85-5E9F-3F91-10DFDBD46756}.Release|Any CPU.ActiveCfg = Release|Any CPU
		{3EF54524-5A85-5E9F-3F91-10DFDBD46756}.Release|Any CPU.Build.0 = Release|Any CPU
		{2521BE5D-2757-ADA9-1B91-7C138C771EE9}.Debug|Any CPU.ActiveCfg = Debug|Any CPU
		{2521BE5D-2757-ADA9-1B91-7C138C771EE9}.Debug|Any CPU.Build.0 = Debug|Any CPU
		{2521BE5D-2757-ADA9-1B91-7C138C771EE9}.Release|Any CPU.ActiveCfg = Release|Any CPU
		{2521BE5D-2757-ADA9-1B91-7C138C771EE9}.Release|Any CPU.Build.0 = Release|Any CPU
		{A07CBFBC-B960-D98B-C223-854E32F261E4}.Debug|Any CPU.ActiveCfg = Debug|Any CPU
		{A07CBFBC-B960-D98B-C223-854E32F261E4}.Debug|Any CPU.Build.0 = Debug|Any CPU
		{A07CBFBC-B960-D98B-C223-854E32F261E4}.Release|Any CPU.ActiveCfg = Release|Any CPU
		{A07CBFBC-B960-D98B-C223-854E32F261E4}.Release|Any CPU.Build.0 = Release|Any CPU
		{C76D100C-DDA5-6137-4209-89054C9630F2}.Debug|Any CPU.ActiveCfg = Debug|Any CPU
		{C76D100C-DDA5-6137-4209-89054C9630F2}.Debug|Any CPU.Build.0 = Debug|Any CPU
		{C76D100C-DDA5-6137-4209-89054C9630F2}.Release|Any CPU.ActiveCfg = Release|Any CPU
		{C76D100C-DDA5-6137-4209-89054C9630F2}.Release|Any CPU.Build.0 = Release|Any CPU
		{92D98BC8-339B-2F3F-2FCB-094956BC122B}.Debug|Any CPU.ActiveCfg = Debug|Any CPU
		{92D98BC8-339B-2F3F-2FCB-094956BC122B}.Debug|Any CPU.Build.0 = Debug|Any CPU
		{92D98BC8-339B-2F3F-2FCB-094956BC122B}.Release|Any CPU.ActiveCfg = Release|Any CPU
		{92D98BC8-339B-2F3F-2FCB-094956BC122B}.Release|Any CPU.Build.0 = Release|Any CPU
		{05716326-96DE-5D8F-18F9-746F74EC4D0A}.Debug|Any CPU.ActiveCfg = Debug|Any CPU
		{05716326-96DE-5D8F-18F9-746F74EC4D0A}.Debug|Any CPU.Build.0 = Debug|Any CPU
		{05716326-96DE-5D8F-18F9-746F74EC4D0A}.Release|Any CPU.ActiveCfg = Release|Any CPU
		{05716326-96DE-5D8F-18F9-746F74EC4D0A}.Release|Any CPU.Build.0 = Release|Any CPU
	EndGlobalSection
	GlobalSection(SolutionProperties) = preSolution
		HideSolutionNode = FALSE
	EndGlobalSection
EndGlobal
